
Microsoft Visual Studio Solution File, Format Version 12.00
# Visual Studio Version 16
VisualStudioVersion = 16.0.28705.295
MinimumVisualStudioVersion = 10.0.40219.1
Project("{FAE04EC0-301F-11D3-BF4B-00C04F79EFBC}") = "Patterns", "Patterns\Patterns.csproj", "{3F83577E-15B1-44AB-9CD9-A4C4671D4BD7}"
EndProject
Global
	GlobalSection(SolutionConfigurationPlatforms) = preSolution
		Debug|Any CPU = Debug|Any CPU
		Release|Any CPU = Release|Any CPU
	EndGlobalSection
	GlobalSection(ProjectConfigurationPlatforms) = postSolution
		{3F83577E-15B1-44AB-9CD9-A4C4671D4BD7}.Debug|Any CPU.ActiveCfg = Debug|Any CPU
		{3F83577E-15B1-44AB-9CD9-A4C4671D4BD7}.Debug|Any CPU.Build.0 = Debug|Any CPU
		{3F83577E-15B1-44AB-9CD9-A4C4671D4BD7}.Release|Any CPU.ActiveCfg = Release|Any CPU
		{3F83577E-15B1-44AB-9CD9-A4C4671D4BD7}.Release|Any CPU.Build.0 = Release|Any CPU
	EndGlobalSection
	GlobalSection(SolutionProperties) = preSolution
		HideSolutionNode = FALSE
	EndGlobalSection
	GlobalSection(ExtensibilityGlobals) = postSolution
		SolutionGuid = {4A46EC8E-19E5-40B0-AF75-97CFDED8588C}
	EndGlobalSection
EndGlobal
